# This file is automatically @generated by Poetry 1.5.0 and should not be changed by hand.

[[package]]
name = "altgraph"
version = "0.17.3"
description = "Python graph (network) package"
optional = true
python-versions = "*"
files = [
    {file = "altgraph-0.17.3-py2.py3-none-any.whl", hash = "sha256:c8ac1ca6772207179ed8003ce7687757c04b0b71536f81e2ac5755c6226458fe"},
    {file = "altgraph-0.17.3.tar.gz", hash = "sha256:ad33358114df7c9416cdb8fa1eaa5852166c505118717021c6a8c7c7abbd03dd"},
]

[[package]]
name = "argparse"
version = "1.4.0"
description = "Python command-line parsing library"
optional = false
python-versions = "*"
files = [
    {file = "argparse-1.4.0-py2.py3-none-any.whl", hash = "sha256:c31647edb69fd3d465a847ea3157d37bed1f95f19760b11a47aa91c04b666314"},
    {file = "argparse-1.4.0.tar.gz", hash = "sha256:62b089a55be1d8949cd2bc7e0df0bddb9e028faefc8c32038cc84862aefdd6e4"},
]

[[package]]
name = "colorama"
version = "0.4.6"
description = "Cross-platform colored terminal text."
optional = true
python-versions = "!=3.0.*,!=3.1.*,!=3.2.*,!=3.3.*,!=3.4.*,!=3.5.*,!=3.6.*,>=2.7"
files = [
    {file = "colorama-0.4.6-py2.py3-none-any.whl", hash = "sha256:4f1d9991f5acc0ca119f9d443620b77f9d6b33703e51011c16baf57afb285fc6"},
    {file = "colorama-0.4.6.tar.gz", hash = "sha256:08695f5cb7ed6e0531a20572697297273c47b8cae5a63ffc6d6ed5c201be6e44"},
]

[[package]]
name = "euclid3"
version = "0.01"
description = "2D and 3D vector, matrix, quaternion and geometry module. updated to python 3."
optional = false
python-versions = "*"
files = [
    {file = "euclid3-0.01.tar.gz", hash = "sha256:25b827a57adbfd9a3fa8625e43abc3e907f61de622343e7e538482ef9b46fd0b"},
]

[[package]]
name = "exceptiongroup"
version = "1.1.1"
description = "Backport of PEP 654 (exception groups)"
optional = true
python-versions = ">=3.7"
files = [
    {file = "exceptiongroup-1.1.1-py3-none-any.whl", hash = "sha256:232c37c63e4f682982c8b6459f33a8981039e5fb8756b2074364e5055c498c9e"},
    {file = "exceptiongroup-1.1.1.tar.gz", hash = "sha256:d484c3090ba2889ae2928419117447a14daf3c1231d5e30d0aae34f354f01785"},
]

[package.extras]
test = ["pytest (>=6)"]

[[package]]
name = "iniconfig"
version = "2.0.0"
description = "brain-dead simple config-ini parsing"
optional = true
python-versions = ">=3.7"
files = [
    {file = "iniconfig-2.0.0-py3-none-any.whl", hash = "sha256:b6a85871a79d2e3b22d2d1b94ac2824226a63c6b741c88f7ae975f18b6778374"},
    {file = "iniconfig-2.0.0.tar.gz", hash = "sha256:2d91e135bf72d31a410b17c16da610a82cb55f6b0477d1a902134b24a455b8b3"},
]

[[package]]
name = "macholib"
version = "1.16.2"
description = "Mach-O header analysis and editing"
optional = true
python-versions = "*"
files = [
    {file = "macholib-1.16.2-py2.py3-none-any.whl", hash = "sha256:44c40f2cd7d6726af8fa6fe22549178d3a4dfecc35a9cd15ea916d9c83a688e0"},
    {file = "macholib-1.16.2.tar.gz", hash = "sha256:557bbfa1bb255c20e9abafe7ed6cd8046b48d9525db2f9b77d3122a63a2a8bf8"},
]

[package.dependencies]
altgraph = ">=0.17"

[[package]]
name = "packaging"
version = "23.1"
description = "Core utilities for Python packages"
optional = true
python-versions = ">=3.7"
files = [
    {file = "packaging-23.1-py3-none-any.whl", hash = "sha256:994793af429502c4ea2ebf6bf664629d07c1a9fe974af92966e4b8d2df7edc61"},
    {file = "packaging-23.1.tar.gz", hash = "sha256:a392980d2b6cffa644431898be54b0045151319d1e7ec34f0cfed48767dd334f"},
]

[[package]]
name = "pefile"
version = "2023.2.7"
description = "Python PE parsing module"
optional = true
python-versions = ">=3.6.0"
files = [
    {file = "pefile-2023.2.7-py3-none-any.whl", hash = "sha256:da185cd2af68c08a6cd4481f7325ed600a88f6a813bad9dea07ab3ef73d8d8d6"},
    {file = "pefile-2023.2.7.tar.gz", hash = "sha256:82e6114004b3d6911c77c3953e3838654b04511b8b66e8583db70c65998017dc"},
]

[[package]]
name = "pluggy"
version = "1.0.0"
description = "plugin and hook calling mechanisms for python"
optional = true
python-versions = ">=3.6"
files = [
    {file = "pluggy-1.0.0-py2.py3-none-any.whl", hash = "sha256:74134bbf457f031a36d68416e1509f34bd5ccc019f0bcc952c7b909d06b37bd3"},
    {file = "pluggy-1.0.0.tar.gz", hash = "sha256:4224373bacce55f955a878bf9cfa763c1e360858e330072059e10bad68531159"},
]

[package.extras]
dev = ["pre-commit", "tox"]
testing = ["pytest", "pytest-benchmark"]

[[package]]
name = "pydantic"
version = "1.10.8"
description = "Data validation and settings management using python type hints"
optional = false
python-versions = ">=3.7"
files = [
    {file = "pydantic-1.10.8-cp310-cp310-macosx_10_9_x86_64.whl", hash = "sha256:1243d28e9b05003a89d72e7915fdb26ffd1d39bdd39b00b7dbe4afae4b557f9d"},
    {file = "pydantic-1.10.8-cp310-cp310-macosx_11_0_arm64.whl", hash = "sha256:c0ab53b609c11dfc0c060d94335993cc2b95b2150e25583bec37a49b2d6c6c3f"},
    {file = "pydantic-1.10.8-cp310-cp310-manylinux_2_17_x86_64.manylinux2014_x86_64.whl", hash = "sha256:f9613fadad06b4f3bc5db2653ce2f22e0de84a7c6c293909b48f6ed37b83c61f"},
    {file = "pydantic-1.10.8-cp310-cp310-manylinux_2_5_i686.manylinux1_i686.manylinux_2_17_i686.manylinux2014_i686.whl", hash = "sha256:df7800cb1984d8f6e249351139667a8c50a379009271ee6236138a22a0c0f319"},
    {file = "pydantic-1.10.8-cp310-cp310-musllinux_1_1_i686.whl", hash = "sha256:0c6fafa0965b539d7aab0a673a046466d23b86e4b0e8019d25fd53f4df62c277"},
    {file = "pydantic-1.10.8-cp310-cp310-musllinux_1_1_x86_64.whl", hash = "sha256:e82d4566fcd527eae8b244fa952d99f2ca3172b7e97add0b43e2d97ee77f81ab"},
    {file = "pydantic-1.10.8-cp310-cp310-win_amd64.whl", hash = "sha256:ab523c31e22943713d80d8d342d23b6f6ac4b792a1e54064a8d0cf78fd64e800"},
    {file = "pydantic-1.10.8-cp311-cp311-macosx_10_9_x86_64.whl", hash = "sha256:666bdf6066bf6dbc107b30d034615d2627e2121506c555f73f90b54a463d1f33"},
    {file = "pydantic-1.10.8-cp311-cp311-macosx_11_0_arm64.whl", hash = "sha256:35db5301b82e8661fa9c505c800d0990bc14e9f36f98932bb1d248c0ac5cada5"},
    {file = "pydantic-1.10.8-cp311-cp311-manylinux_2_17_x86_64.manylinux2014_x86_64.whl", hash = "sha256:f90c1e29f447557e9e26afb1c4dbf8768a10cc676e3781b6a577841ade126b85"},
    {file = "pydantic-1.10.8-cp311-cp311-manylinux_2_5_i686.manylinux1_i686.manylinux_2_17_i686.manylinux2014_i686.whl", hash = "sha256:93e766b4a8226e0708ef243e843105bf124e21331694367f95f4e3b4a92bbb3f"},
    {file = "pydantic-1.10.8-cp311-cp311-musllinux_1_1_i686.whl", hash = "sha256:88f195f582851e8db960b4a94c3e3ad25692c1c1539e2552f3df7a9e972ef60e"},
    {file = "pydantic-1.10.8-cp311-cp311-musllinux_1_1_x86_64.whl", hash = "sha256:34d327c81e68a1ecb52fe9c8d50c8a9b3e90d3c8ad991bfc8f953fb477d42fb4"},
    {file = "pydantic-1.10.8-cp311-cp311-win_amd64.whl", hash = "sha256:d532bf00f381bd6bc62cabc7d1372096b75a33bc197a312b03f5838b4fb84edd"},
    {file = "pydantic-1.10.8-cp37-cp37m-macosx_10_9_x86_64.whl", hash = "sha256:7d5b8641c24886d764a74ec541d2fc2c7fb19f6da2a4001e6d580ba4a38f7878"},
    {file = "pydantic-1.10.8-cp37-cp37m-manylinux_2_17_x86_64.manylinux2014_x86_64.whl", hash = "sha256:7b1f6cb446470b7ddf86c2e57cd119a24959af2b01e552f60705910663af09a4"},
    {file = "pydantic-1.10.8-cp37-cp37m-manylinux_2_5_i686.manylinux1_i686.manylinux_2_17_i686.manylinux2014_i686.whl", hash = "sha256:c33b60054b2136aef8cf190cd4c52a3daa20b2263917c49adad20eaf381e823b"},
    {file = "pydantic-1.10.8-cp37-cp37m-musllinux_1_1_i686.whl", hash = "sha256:1952526ba40b220b912cdc43c1c32bcf4a58e3f192fa313ee665916b26befb68"},
    {file = "pydantic-1.10.8-cp37-cp37m-musllinux_1_1_x86_64.whl", hash = "sha256:bb14388ec45a7a0dc429e87def6396f9e73c8c77818c927b6a60706603d5f2ea"},
    {file = "pydantic-1.10.8-cp37-cp37m-win_amd64.whl", hash = "sha256:16f8c3e33af1e9bb16c7a91fc7d5fa9fe27298e9f299cff6cb744d89d573d62c"},
    {file = "pydantic-1.10.8-cp38-cp38-macosx_10_9_x86_64.whl", hash = "sha256:1ced8375969673929809d7f36ad322934c35de4af3b5e5b09ec967c21f9f7887"},
    {file = "pydantic-1.10.8-cp38-cp38-macosx_11_0_arm64.whl", hash = "sha256:93e6bcfccbd831894a6a434b0aeb1947f9e70b7468f274154d03d71fabb1d7c6"},
    {file = "pydantic-1.10.8-cp38-cp38-manylinux_2_17_x86_64.manylinux2014_x86_64.whl", hash = "sha256:191ba419b605f897ede9892f6c56fb182f40a15d309ef0142212200a10af4c18"},
    {file = "pydantic-1.10.8-cp38-cp38-manylinux_2_5_i686.manylinux1_i686.manylinux_2_17_i686.manylinux2014_i686.whl", hash = "sha256:052d8654cb65174d6f9490cc9b9a200083a82cf5c3c5d3985db765757eb3b375"},
    {file = "pydantic-1.10.8-cp38-cp38-musllinux_1_1_i686.whl", hash = "sha256:ceb6a23bf1ba4b837d0cfe378329ad3f351b5897c8d4914ce95b85fba96da5a1"},
    {file = "pydantic-1.10.8-cp38-cp38-musllinux_1_1_x86_64.whl", hash = "sha256:6f2e754d5566f050954727c77f094e01793bcb5725b663bf628fa6743a5a9108"},
    {file = "pydantic-1.10.8-cp38-cp38-win_amd64.whl", hash = "sha256:6a82d6cda82258efca32b40040228ecf43a548671cb174a1e81477195ed3ed56"},
    {file = "pydantic-1.10.8-cp39-cp39-macosx_10_9_x86_64.whl", hash = "sha256:3e59417ba8a17265e632af99cc5f35ec309de5980c440c255ab1ca3ae96a3e0e"},
    {file = "pydantic-1.10.8-cp39-cp39-macosx_11_0_arm64.whl", hash = "sha256:84d80219c3f8d4cad44575e18404099c76851bc924ce5ab1c4c8bb5e2a2227d0"},
    {file = "pydantic-1.10.8-cp39-cp39-manylinux_2_17_x86_64.manylinux2014_x86_64.whl", hash = "sha256:2e4148e635994d57d834be1182a44bdb07dd867fa3c2d1b37002000646cc5459"},
    {file = "pydantic-1.10.8-cp39-cp39-manylinux_2_5_i686.manylinux1_i686.manylinux_2_17_i686.manylinux2014_i686.whl", hash = "sha256:12f7b0bf8553e310e530e9f3a2f5734c68699f42218bf3568ef49cd9b0e44df4"},
    {file = "pydantic-1.10.8-cp39-cp39-musllinux_1_1_i686.whl", hash = "sha256:42aa0c4b5c3025483240a25b09f3c09a189481ddda2ea3a831a9d25f444e03c1"},
    {file = "pydantic-1.10.8-cp39-cp39-musllinux_1_1_x86_64.whl", hash = "sha256:17aef11cc1b997f9d574b91909fed40761e13fac438d72b81f902226a69dac01"},
    {file = "pydantic-1.10.8-cp39-cp39-win_amd64.whl", hash = "sha256:66a703d1983c675a6e0fed8953b0971c44dba48a929a2000a493c3772eb61a5a"},
    {file = "pydantic-1.10.8-py3-none-any.whl", hash = "sha256:7456eb22ed9aaa24ff3e7b4757da20d9e5ce2a81018c1b3ebd81a0b88a18f3b2"},
    {file = "pydantic-1.10.8.tar.gz", hash = "sha256:1410275520dfa70effadf4c21811d755e7ef9bb1f1d077a21958153a92c8d9ca"},
]

[package.dependencies]
typing-extensions = ">=4.2.0"

[package.extras]
dotenv = ["python-dotenv (>=0.10.4)"]
email = ["email-validator (>=1.0.3)"]

[[package]]
name = "pygcode"
version = "0.2.1"
description = "Basic g-code parser, interpreter, and encoder library."
optional = false
python-versions = "*"
files = [
    {file = "pygcode-0.2.1-py2.py3-none-any.whl", hash = "sha256:e9d1be4664580cafc8c4a701df649d8ec2e62f39490a5b114f42a381a16f5283"},
    {file = "pygcode-0.2.1.tar.gz", hash = "sha256:e3e7cf3c68ced77d976a712467f6864b8066edcde04110d497c7fdd72d402686"},
]

[package.dependencies]
argparse = "*"
euclid3 = "*"
six = "*"

[[package]]
name = "pyinstaller"
version = "5.11.0"
description = "PyInstaller bundles a Python application and all its dependencies into a single package."
optional = true
python-versions = "<3.12,>=3.7"
files = [
    {file = "pyinstaller-5.11.0-py3-none-macosx_10_13_universal2.whl", hash = "sha256:8454bac8f3cb2219a3ce2227fd039bdaf943dcba60e8c55732958ea3a6d81263"},
    {file = "pyinstaller-5.11.0-py3-none-manylinux2014_aarch64.whl", hash = "sha256:b3c6299fd7526c6ca87ea5f9017fb1928d47046df0b9f983d6bbd893801010dc"},
    {file = "pyinstaller-5.11.0-py3-none-manylinux2014_i686.whl", hash = "sha256:e359571327bbef434fc61324891399f9117efbb685b5065234eebb01713650a8"},
    {file = "pyinstaller-5.11.0-py3-none-manylinux2014_ppc64le.whl", hash = "sha256:a445a91b85c9a1ea3985268643a674900dd86f244cc4be4ff4ec4c6367ff99a9"},
    {file = "pyinstaller-5.11.0-py3-none-manylinux2014_s390x.whl", hash = "sha256:2a1fe6d0da22f207cfa4b3221fe365503cba071c77aac19f76a75503f67d9ff9"},
    {file = "pyinstaller-5.11.0-py3-none-manylinux2014_x86_64.whl", hash = "sha256:b4cac0e7b0d63c6a869843113008f59fd5b38b2959ffa6059e7fac4bb05de92b"},
    {file = "pyinstaller-5.11.0-py3-none-musllinux_1_1_aarch64.whl", hash = "sha256:0af9d11a09ce217d32f95c79c984054457b310671387ff32bae1496876308556"},
    {file = "pyinstaller-5.11.0-py3-none-musllinux_1_1_x86_64.whl", hash = "sha256:b8a4f6834e5c85150948e22c74dd3ab8b98aa4ccdf964d880ac14d2f78d9c1a4"},
    {file = "pyinstaller-5.11.0-py3-none-win32.whl", hash = "sha256:049cdc3524aefb5ca015a63d2c81b6bf1567cc818ac066859fbfde702c6165d3"},
    {file = "pyinstaller-5.11.0-py3-none-win_amd64.whl", hash = "sha256:42fdea67e4c2217cedd54d17d1d402736df3ba718db2b497df65df5a68ae4f93"},
    {file = "pyinstaller-5.11.0-py3-none-win_arm64.whl", hash = "sha256:036a062a228af41f6bb6370a4e87cef34858cc839200a07ace7f8738ef64ad86"},
    {file = "pyinstaller-5.11.0.tar.gz", hash = "sha256:cb87cee0b3c81ccd74d4bf3f4faf03b5e1e39bb91f1a894b2ce4cd22363bf779"},
]

[package.dependencies]
altgraph = "*"
macholib = {version = ">=1.8", markers = "sys_platform == \"darwin\""}
pefile = {version = ">=2022.5.30", markers = "sys_platform == \"win32\""}
pyinstaller-hooks-contrib = ">=2021.4"
pywin32-ctypes = {version = ">=0.2.0", markers = "sys_platform == \"win32\""}
setuptools = ">=42.0.0"

[package.extras]
encryption = ["tinyaes (>=1.0.0)"]
hook-testing = ["execnet (>=1.5.0)", "psutil", "pytest (>=2.7.3)"]

[[package]]
name = "pyinstaller-hooks-contrib"
version = "2023.3"
description = "Community maintained hooks for PyInstaller"
optional = true
python-versions = ">=3.7"
files = [
    {file = "pyinstaller-hooks-contrib-2023.3.tar.gz", hash = "sha256:bb39e1038e3e0972420455e0b39cd9dce73f3d80acaf4bf2b3615fea766ff370"},
    {file = "pyinstaller_hooks_contrib-2023.3-py2.py3-none-any.whl", hash = "sha256:062ad7a1746e1cfc24d3a8c4be4e606fced3b123bda7d419f14fcf7507804b07"},
]

[[package]]
name = "pyprojroot"
version = "0.2.0"
description = "Find project root paths and return relative project files"
optional = false
python-versions = "*"
files = [
    {file = "pyprojroot-0.2.0-py3-none-any.whl", hash = "sha256:741e8b4878a0d6bb6b06ec09aa05797130289e2127aa595b8f1cbadce697909f"},
    {file = "pyprojroot-0.2.0.tar.gz", hash = "sha256:a79900dc52ee097bfd8d917a3d45e2b98494c47a57ba3a71bf609d7a156732e8"},
]

[[package]]
name = "pyside6"
version = "6.5.0"
description = "Python bindings for the Qt cross-platform application and UI framework"
optional = false
python-versions = "<3.12,>=3.7"
files = [
    {file = "PySide6-6.5.0-cp37-abi3-macosx_10_9_universal2.whl", hash = "sha256:cb059a0f3d4b763451a1e8dec440784dff1728e9ace6cb81c541cc1354c5f3dc"},
    {file = "PySide6-6.5.0-cp37-abi3-manylinux_2_28_x86_64.whl", hash = "sha256:5102c57841b15facb0aeca1f23d689ebc528a609bf5fb907f1ef2747f6415001"},
    {file = "PySide6-6.5.0-cp37-abi3-win_amd64.whl", hash = "sha256:13e8e96aa7a89840575505f50b9635e6450bf413ff46288d1085b3a9f8b225c1"},
    {file = "PySide6-6.5.0-pp39-pypy39_pp73-macosx_10_9_universal2.whl", hash = "sha256:f30e1d0319ea4d2ddac654c58377079a40f38c4cac7b6fd631902f91190c1fc8"},
    {file = "PySide6-6.5.0-pp39-pypy39_pp73-manylinux_2_28_x86_64.whl", hash = "sha256:c1c7244a4e83b3a4ea965f4a85776ebc64fa3c9b4af77ad70b22e64ccec3d451"},
    {file = "PySide6-6.5.0-pp39-pypy39_pp73-win_amd64.whl", hash = "sha256:7242fe09aaeb3399152fa1c6c25098b93df945620a4bd81a37de0ecb2f64fd5d"},
]

[package.dependencies]
PySide6-Addons = "6.5.0"
PySide6-Essentials = "6.5.0"
shiboken6 = "6.5.0"

[[package]]
name = "pyside6-addons"
version = "6.5.0"
description = "Python bindings for the Qt cross-platform application and UI framework (Addons)"
optional = false
python-versions = "<3.12,>=3.7"
files = [
    {file = "PySide6_Addons-6.5.0-cp37-abi3-macosx_10_9_universal2.whl", hash = "sha256:d29e84d0b54c5fdeb6cc405d537788a648da975cc58e37f0df3a17cd11a67f1d"},
    {file = "PySide6_Addons-6.5.0-cp37-abi3-manylinux_2_28_x86_64.whl", hash = "sha256:29551ca63a1cbc0fcd17fa9e477282857e2c66c3a55fdb9754b75519d5adf89a"},
    {file = "PySide6_Addons-6.5.0-cp37-abi3-win_amd64.whl", hash = "sha256:db7a6117c3f944b4827204ed7f346030fc10c602521f278310a78021567df28f"},
    {file = "PySide6_Addons-6.5.0-pp39-pypy39_pp73-macosx_10_9_universal2.whl", hash = "sha256:fd5bc46cfffac7afa2f76c3dc6cb6f567a0ad1276d8177797c1bc152aec50f35"},
    {file = "PySide6_Addons-6.5.0-pp39-pypy39_pp73-manylinux_2_28_x86_64.whl", hash = "sha256:9ed197a05f1c279d1589d8535040fe5e21b92fa19933e38de962050cb58f6c05"},
    {file = "PySide6_Addons-6.5.0-pp39-pypy39_pp73-win_amd64.whl", hash = "sha256:1a9545df3e77c656a3708eaa3584d98ff41720c7dadf344d5126d66e83d0ab5a"},
]

[package.dependencies]
PySide6-Essentials = "6.5.0"
shiboken6 = "6.5.0"

[[package]]
name = "pyside6-essentials"
version = "6.5.0"
description = "Python bindings for the Qt cross-platform application and UI framework (Essentials)"
optional = false
python-versions = "<3.12,>=3.7"
files = [
    {file = "PySide6_Essentials-6.5.0-cp37-abi3-macosx_10_9_universal2.whl", hash = "sha256:4517e27fc540d9e645ea12dea82c8b29c042d66aaef46960a125cccdf0079800"},
    {file = "PySide6_Essentials-6.5.0-cp37-abi3-manylinux_2_28_x86_64.whl", hash = "sha256:f00d4f10758cdc3f49f94465ead788ad294dac7d9cc5e1cc0610e97c2bdfc8d7"},
    {file = "PySide6_Essentials-6.5.0-cp37-abi3-win_amd64.whl", hash = "sha256:bc2e0a9dafe383ab965e98b6ddf73f709da3736197dea8eab265fd3e524db993"},
    {file = "PySide6_Essentials-6.5.0-pp39-pypy39_pp73-macosx_10_9_universal2.whl", hash = "sha256:58a88a099171c55a7e41e519208c9ca93661d277bb73c5897a2e3f2cbe5248b7"},
    {file = "PySide6_Essentials-6.5.0-pp39-pypy39_pp73-manylinux_2_28_x86_64.whl", hash = "sha256:0287ec94ee1923d430bb20836bc649a5c76a59281245de469d7f759cc73c5ea7"},
    {file = "PySide6_Essentials-6.5.0-pp39-pypy39_pp73-win_amd64.whl", hash = "sha256:987c2ec04c35481c841de9b25931d2d074eb7d2e591aa5628041b2ca2df96d0e"},
]

[package.dependencies]
shiboken6 = "6.5.0"

[[package]]
name = "pytest"
version = "7.3.1"
description = "pytest: simple powerful testing with Python"
optional = true
python-versions = ">=3.7"
files = [
    {file = "pytest-7.3.1-py3-none-any.whl", hash = "sha256:3799fa815351fea3a5e96ac7e503a96fa51cc9942c3753cda7651b93c1cfa362"},
    {file = "pytest-7.3.1.tar.gz", hash = "sha256:434afafd78b1d78ed0addf160ad2b77a30d35d4bdf8af234fe621919d9ed15e3"},
]

[package.dependencies]
colorama = {version = "*", markers = "sys_platform == \"win32\""}
exceptiongroup = {version = ">=1.0.0rc8", markers = "python_version < \"3.11\""}
iniconfig = "*"
packaging = "*"
pluggy = ">=0.12,<2.0"
tomli = {version = ">=1.0.0", markers = "python_version < \"3.11\""}

[package.extras]
testing = ["argcomplete", "attrs (>=19.2.0)", "hypothesis (>=3.56)", "mock", "nose", "pygments (>=2.7.2)", "requests", "xmlschema"]

[[package]]
name = "pywin32-ctypes"
version = "0.2.0"
description = ""
optional = true
python-versions = "*"
files = [
    {file = "pywin32-ctypes-0.2.0.tar.gz", hash = "sha256:24ffc3b341d457d48e8922352130cf2644024a4ff09762a2261fd34c36ee5942"},
    {file = "pywin32_ctypes-0.2.0-py2.py3-none-any.whl", hash = "sha256:9dc2d991b3479cc2df15930958b674a48a227d5361d413827a4cfd0b5876fc98"},
]

[[package]]
name = "setuptools"
version = "67.8.0"
description = "Easily download, build, install, upgrade, and uninstall Python packages"
optional = true
python-versions = ">=3.7"
files = [
    {file = "setuptools-67.8.0-py3-none-any.whl", hash = "sha256:5df61bf30bb10c6f756eb19e7c9f3b473051f48db77fddbe06ff2ca307df9a6f"},
    {file = "setuptools-67.8.0.tar.gz", hash = "sha256:62642358adc77ffa87233bc4d2354c4b2682d214048f500964dbe760ccedf102"},
]

[package.extras]
docs = ["furo", "jaraco.packaging (>=9)", "jaraco.tidelift (>=1.4)", "pygments-github-lexers (==0.0.5)", "rst.linker (>=1.9)", "sphinx (>=3.5)", "sphinx-favicon", "sphinx-hoverxref (<2)", "sphinx-inline-tabs", "sphinx-lint", "sphinx-notfound-page (==0.8.3)", "sphinx-reredirects", "sphinxcontrib-towncrier"]
testing = ["build[virtualenv]", "filelock (>=3.4.0)", "flake8-2020", "ini2toml[lite] (>=0.9)", "jaraco.envs (>=2.2)", "jaraco.path (>=3.2.0)", "pip (>=19.1)", "pip-run (>=8.8)", "pytest (>=6)", "pytest-black (>=0.3.7)", "pytest-checkdocs (>=2.4)", "pytest-cov", "pytest-enabler (>=1.3)", "pytest-mypy (>=0.9.1)", "pytest-perf", "pytest-ruff", "pytest-timeout", "pytest-xdist", "tomli-w (>=1.0.0)", "virtualenv (>=13.0.0)", "wheel"]
testing-integration = ["build[virtualenv]", "filelock (>=3.4.0)", "jaraco.envs (>=2.2)", "jaraco.path (>=3.2.0)", "pytest", "pytest-enabler", "pytest-xdist", "tomli", "virtualenv (>=13.0.0)", "wheel"]

[[package]]
name = "shiboken6"
version = "6.5.0"
description = "Python/C++ bindings helper module"
optional = false
python-versions = "<3.12,>=3.7"
files = [
    {file = "shiboken6-6.5.0-cp37-abi3-macosx_10_9_universal2.whl", hash = "sha256:2d7fe6534a51ec9c96b82fc6275cf75e85ab29276a9778aed756465f81adf0c1"},
    {file = "shiboken6-6.5.0-cp37-abi3-manylinux_2_28_x86_64.whl", hash = "sha256:46ff977f96c9d45dba3c3a313628356fd40e4423bb65bf2d9870b73396fad8be"},
    {file = "shiboken6-6.5.0-cp37-abi3-win_amd64.whl", hash = "sha256:aee9708517821aaef547c83d689bf524d6f217d47232cb313d9af9e630215eed"},
    {file = "shiboken6-6.5.0-pp39-pypy39_pp73-macosx_10_9_universal2.whl", hash = "sha256:6e2874ea013d4cea7819935977bffa4c634ebcaabcb5287798df9f0c2f10c4c0"},
    {file = "shiboken6-6.5.0-pp39-pypy39_pp73-manylinux_2_28_x86_64.whl", hash = "sha256:72888ebc5ef7295df27197c0af726bd6731e2a883b346e448e2c740b3e34bc2f"},
    {file = "shiboken6-6.5.0-pp39-pypy39_pp73-win_amd64.whl", hash = "sha256:1bba668221a5cf40186cea93ced018cf788d7476d50968a3f073ebbe41ce712d"},
]

[[package]]
name = "six"
version = "1.16.0"
description = "Python 2 and 3 compatibility utilities"
optional = false
python-versions = ">=2.7, !=3.0.*, !=3.1.*, !=3.2.*"
files = [
    {file = "six-1.16.0-py2.py3-none-any.whl", hash = "sha256:8abb2f1d86890a2dfb989f9a77cfcfd3e47c2a354b01111771326f8aa26e0254"},
    {file = "six-1.16.0.tar.gz", hash = "sha256:1e61c37477a1626458e36f7b1d82aa5c9b094fa4802892072e49de9c60c4c926"},
]

[[package]]
name = "toml"
version = "0.10.2"
description = "Python Library for Tom's Obvious, Minimal Language"
optional = true
python-versions = ">=2.6, !=3.0.*, !=3.1.*, !=3.2.*"
files = [
    {file = "toml-0.10.2-py2.py3-none-any.whl", hash = "sha256:806143ae5bfb6a3c6e736a764057db0e6a0e05e338b5630894a5f779cabb4f9b"},
    {file = "toml-0.10.2.tar.gz", hash = "sha256:b3bda1d108d5dd99f4a20d24d9c348e91c4db7ab1b749200bded2f839ccbe68f"},
]

[[package]]
name = "tomli"
version = "2.0.1"
description = "A lil' TOML parser"
optional = true
python-versions = ">=3.7"
files = [
    {file = "tomli-2.0.1-py3-none-any.whl", hash = "sha256:939de3e7a6161af0c887ef91b7d41a53e7c5a1ca976325f429cb46ea9bc30ecc"},
    {file = "tomli-2.0.1.tar.gz", hash = "sha256:de526c12914f0c550d15924c62d72abc48d6fe7364aa87328337a31007fe8a4f"},
]

[[package]]
name = "typing-extensions"
version = "4.6.2"
description = "Backported and Experimental Type Hints for Python 3.7+"
optional = false
python-versions = ">=3.7"
files = [
    {file = "typing_extensions-4.6.2-py3-none-any.whl", hash = "sha256:3a8b36f13dd5fdc5d1b16fe317f5668545de77fa0b8e02006381fd49d731ab98"},
    {file = "typing_extensions-4.6.2.tar.gz", hash = "sha256:06006244c70ac8ee83fa8282cb188f697b8db25bc8b4df07be1873c43897060c"},
]

[[package]]
name = "yapf"
version = "0.32.0"
description = "A formatter for Python code."
optional = true
python-versions = "*"
files = [
    {file = "yapf-0.32.0-py2.py3-none-any.whl", hash = "sha256:8fea849025584e486fd06d6ba2bed717f396080fd3cc236ba10cb97c4c51cf32"},
    {file = "yapf-0.32.0.tar.gz", hash = "sha256:a3f5085d37ef7e3e004c4ba9f9b3e40c54ff1901cd111f05145ae313a7c67d1b"},
]

[extras]
build = ["pyinstaller"]
format = ["toml", "yapf"]
test = ["pytest"]

[metadata]
lock-version = "2.0"
python-versions = "~3.10"
content-hash = "f7a341e24ec075402d62efb7d3fe408be97603205ff8788d6671d33a67329dd8"
