[[package]]
name = "altgraph"
version = "0.17.3"
description = "Python graph (network) package"
category = "main"
optional = true
python-versions = "*"

[[package]]
name = "argparse"
version = "1.4.0"
description = "Python command-line parsing library"
category = "main"
optional = false
python-versions = "*"

[[package]]
name = "euclid3"
version = "0.01"
description = "2D and 3D vector, matrix, quaternion and geometry module. updated to python 3."
category = "main"
optional = false
python-versions = "*"

[[package]]
name = "future"
version = "0.18.2"
description = "Clean single-source support for Python 3 and 2"
category = "main"
optional = true
python-versions = ">=2.6, !=3.0.*, !=3.1.*, !=3.2.*"

[[package]]
name = "macholib"
version = "1.16.2"
description = "Mach-O header analysis and editing"
category = "main"
optional = true
python-versions = "*"

[package.dependencies]
altgraph = ">=0.17"

[[package]]
name = "pefile"
version = "2022.5.30"
description = "Python PE parsing module"
category = "main"
optional = true
python-versions = ">=3.6.0"

[package.dependencies]
future = "*"

[[package]]
name = "pydantic"
version = "1.10.2"
description = "Data validation and settings management using python type hints"
category = "main"
optional = false
python-versions = ">=3.7"

[package.dependencies]
typing-extensions = ">=4.1.0"

[package.extras]
dotenv = ["python-dotenv (>=0.10.4)"]
email = ["email-validator (>=1.0.3)"]

[[package]]
name = "pygcode"
version = "0.2.1"
description = "Basic g-code parser, interpreter, and encoder library."
category = "main"
optional = false
python-versions = "*"

[package.dependencies]
argparse = "*"
euclid3 = "*"
six = "*"

[[package]]
name = "pyinstaller"
version = "5.6.2"
description = "PyInstaller bundles a Python application and all its dependencies into a single package."
category = "main"
optional = true
python-versions = "<3.12,>=3.7"

[package.dependencies]
altgraph = "*"
macholib = {version = ">=1.8", markers = "sys_platform == \"darwin\""}
pefile = {version = ">=2022.5.30", markers = "sys_platform == \"win32\""}
pyinstaller-hooks-contrib = ">=2021.4"
pywin32-ctypes = {version = ">=0.2.0", markers = "sys_platform == \"win32\""}
setuptools = "*"

[package.extras]
encryption = ["tinyaes (>=1.0.0)"]
hook-testing = ["execnet (>=1.5.0)", "psutil", "pytest (>=2.7.3)"]

[[package]]
name = "pyinstaller-hooks-contrib"
version = "2022.13"
description = "Community maintained hooks for PyInstaller"
category = "main"
optional = true
python-versions = ">=3.7"

[[package]]
name = "pyprojroot"
version = "0.2.0"
description = "Find project root paths and return relative project files"
category = "main"
optional = false
python-versions = "*"

[[package]]
name = "pyside6"
version = "6.4.0.1"
description = "Python bindings for the Qt cross-platform application and UI framework"
category = "main"
optional = false
python-versions = "<3.12,>=3.7"

[package.dependencies]
PySide6-Addons = "6.4.0.1"
PySide6-Essentials = "6.4.0.1"
shiboken6 = "6.4.0.1"

[[package]]
name = "pyside6-addons"
version = "6.4.0.1"
description = "Python bindings for the Qt cross-platform application and UI framework (Addons)"
category = "main"
optional = false
python-versions = "<3.12,>=3.7"

[package.dependencies]
PySide6-Essentials = "6.4.0.1"
shiboken6 = "6.4.0.1"

[[package]]
name = "pyside6-essentials"
version = "6.4.0.1"
description = "Python bindings for the Qt cross-platform application and UI framework (Essentials)"
category = "main"
optional = false
python-versions = "<3.12,>=3.7"

[package.dependencies]
shiboken6 = "6.4.0.1"

[[package]]
name = "pywin32-ctypes"
version = "0.2.0"
description = ""
category = "main"
optional = true
python-versions = "*"

[[package]]
name = "setuptools"
version = "65.5.1"
description = "Easily download, build, install, upgrade, and uninstall Python packages"
category = "main"
optional = true
python-versions = ">=3.7"

[package.extras]
docs = ["furo", "jaraco.packaging (>=9)", "jaraco.tidelift (>=1.4)", "pygments-github-lexers (==0.0.5)", "rst.linker (>=1.9)", "sphinx (>=3.5)", "sphinx-favicon", "sphinx-hoverxref (<2)", "sphinx-inline-tabs", "sphinx-notfound-page (==0.8.3)", "sphinx-reredirects", "sphinxcontrib-towncrier"]
testing = ["build[virtualenv]", "filelock (>=3.4.0)", "flake8 (<5)", "flake8-2020", "ini2toml[lite] (>=0.9)", "jaraco.envs (>=2.2)", "jaraco.path (>=3.2.0)", "pip (>=19.1)", "pip-run (>=8.8)", "pytest (>=6)", "pytest-black (>=0.3.7)", "pytest-checkdocs (>=2.4)", "pytest-cov", "pytest-enabler (>=1.3)", "pytest-flake8", "pytest-mypy (>=0.9.1)", "pytest-perf", "pytest-timeout", "pytest-xdist", "tomli-w (>=1.0.0)", "virtualenv (>=13.0.0)", "wheel"]
testing-integration = ["build[virtualenv]", "filelock (>=3.4.0)", "jaraco.envs (>=2.2)", "jaraco.path (>=3.2.0)", "pytest", "pytest-enabler", "pytest-xdist", "tomli", "virtualenv (>=13.0.0)", "wheel"]

[[package]]
name = "shiboken6"
version = "6.4.0.1"
description = "Python/C++ bindings helper module"
category = "main"
optional = false
python-versions = "<3.12,>=3.7"

[[package]]
name = "six"
version = "1.16.0"
description = "Python 2 and 3 compatibility utilities"
category = "main"
optional = false
python-versions = ">=2.7, !=3.0.*, !=3.1.*, !=3.2.*"

[[package]]
name = "toml"
version = "0.10.2"
description = "Python Library for Tom's Obvious, Minimal Language"
category = "main"
optional = true
python-versions = ">=2.6, !=3.0.*, !=3.1.*, !=3.2.*"

[[package]]
name = "typing-extensions"
version = "4.4.0"
description = "Backported and Experimental Type Hints for Python 3.7+"
category = "main"
optional = false
python-versions = ">=3.7"

[[package]]
name = "yapf"
version = "0.32.0"
description = "A formatter for Python code."
category = "main"
optional = true
python-versions = "*"

[extras]
build = ["pyinstaller"]
format = ["yapf", "toml"]

[metadata]
lock-version = "1.1"
python-versions = "~3.11"
content-hash = "bf6e32b44a946f9d0767a070e2be7e1f9604765f666456626477e9edde8b4fa1"

[metadata.files]
altgraph = [
    {file = "altgraph-0.17.3-py2.py3-none-any.whl", hash = "sha256:c8ac1ca6772207179ed8003ce7687757c04b0b71536f81e2ac5755c6226458fe"},
    {file = "altgraph-0.17.3.tar.gz", hash = "sha256:ad33358114df7c9416cdb8fa1eaa5852166c505118717021c6a8c7c7abbd03dd"},
]
argparse = [
    {file = "argparse-1.4.0-py2.py3-none-any.whl", hash = "sha256:c31647edb69fd3d465a847ea3157d37bed1f95f19760b11a47aa91c04b666314"},
    {file = "argparse-1.4.0.tar.gz", hash = "sha256:62b089a55be1d8949cd2bc7e0df0bddb9e028faefc8c32038cc84862aefdd6e4"},
]
euclid3 = [
    {file = "euclid3-0.01.tar.gz", hash = "sha256:25b827a57adbfd9a3fa8625e43abc3e907f61de622343e7e538482ef9b46fd0b"},
]
future = [
    {file = "future-0.18.2.tar.gz", hash = "sha256:b1bead90b70cf6ec3f0710ae53a525360fa360d306a86583adc6bf83a4db537d"},
]
macholib = [
    {file = "macholib-1.16.2-py2.py3-none-any.whl", hash = "sha256:44c40f2cd7d6726af8fa6fe22549178d3a4dfecc35a9cd15ea916d9c83a688e0"},
    {file = "macholib-1.16.2.tar.gz", hash = "sha256:557bbfa1bb255c20e9abafe7ed6cd8046b48d9525db2f9b77d3122a63a2a8bf8"},
]
pefile = [
    {file = "pefile-2022.5.30.tar.gz", hash = "sha256:a5488a3dd1fd021ce33f969780b88fe0f7eebb76eb20996d7318f307612a045b"},
]
pydantic = [
    {file = "pydantic-1.10.2-cp310-cp310-macosx_10_9_x86_64.whl", hash = "sha256:bb6ad4489af1bac6955d38ebcb95079a836af31e4c4f74aba1ca05bb9f6027bd"},
    {file = "pydantic-1.10.2-cp310-cp310-macosx_11_0_arm64.whl", hash = "sha256:a1f5a63a6dfe19d719b1b6e6106561869d2efaca6167f84f5ab9347887d78b98"},
    {file = "pydantic-1.10.2-cp310-cp310-manylinux_2_17_x86_64.manylinux2014_x86_64.whl", hash = "sha256:352aedb1d71b8b0736c6d56ad2bd34c6982720644b0624462059ab29bd6e5912"},
    {file = "pydantic-1.10.2-cp310-cp310-manylinux_2_5_i686.manylinux1_i686.manylinux_2_17_i686.manylinux2014_i686.whl", hash = "sha256:19b3b9ccf97af2b7519c42032441a891a5e05c68368f40865a90eb88833c2559"},
    {file = "pydantic-1.10.2-cp310-cp310-musllinux_1_1_i686.whl", hash = "sha256:e9069e1b01525a96e6ff49e25876d90d5a563bc31c658289a8772ae186552236"},
    {file = "pydantic-1.10.2-cp310-cp310-musllinux_1_1_x86_64.whl", hash = "sha256:355639d9afc76bcb9b0c3000ddcd08472ae75318a6eb67a15866b87e2efa168c"},
    {file = "pydantic-1.10.2-cp310-cp310-win_amd64.whl", hash = "sha256:ae544c47bec47a86bc7d350f965d8b15540e27e5aa4f55170ac6a75e5f73b644"},
    {file = "pydantic-1.10.2-cp311-cp311-macosx_10_9_x86_64.whl", hash = "sha256:a4c805731c33a8db4b6ace45ce440c4ef5336e712508b4d9e1aafa617dc9907f"},
    {file = "pydantic-1.10.2-cp311-cp311-macosx_11_0_arm64.whl", hash = "sha256:d49f3db871575e0426b12e2f32fdb25e579dea16486a26e5a0474af87cb1ab0a"},
    {file = "pydantic-1.10.2-cp311-cp311-manylinux_2_17_x86_64.manylinux2014_x86_64.whl", hash = "sha256:37c90345ec7dd2f1bcef82ce49b6235b40f282b94d3eec47e801baf864d15525"},
    {file = "pydantic-1.10.2-cp311-cp311-manylinux_2_5_i686.manylinux1_i686.manylinux_2_17_i686.manylinux2014_i686.whl", hash = "sha256:7b5ba54d026c2bd2cb769d3468885f23f43710f651688e91f5fb1edcf0ee9283"},
    {file = "pydantic-1.10.2-cp311-cp311-musllinux_1_1_i686.whl", hash = "sha256:05e00dbebbe810b33c7a7362f231893183bcc4251f3f2ff991c31d5c08240c42"},
    {file = "pydantic-1.10.2-cp311-cp311-musllinux_1_1_x86_64.whl", hash = "sha256:2d0567e60eb01bccda3a4df01df677adf6b437958d35c12a3ac3e0f078b0ee52"},
    {file = "pydantic-1.10.2-cp311-cp311-win_amd64.whl", hash = "sha256:c6f981882aea41e021f72779ce2a4e87267458cc4d39ea990729e21ef18f0f8c"},
    {file = "pydantic-1.10.2-cp37-cp37m-macosx_10_9_x86_64.whl", hash = "sha256:c4aac8e7103bf598373208f6299fa9a5cfd1fc571f2d40bf1dd1955a63d6eeb5"},
    {file = "pydantic-1.10.2-cp37-cp37m-manylinux_2_17_x86_64.manylinux2014_x86_64.whl", hash = "sha256:81a7b66c3f499108b448f3f004801fcd7d7165fb4200acb03f1c2402da73ce4c"},
    {file = "pydantic-1.10.2-cp37-cp37m-manylinux_2_5_i686.manylinux1_i686.manylinux_2_17_i686.manylinux2014_i686.whl", hash = "sha256:bedf309630209e78582ffacda64a21f96f3ed2e51fbf3962d4d488e503420254"},
    {file = "pydantic-1.10.2-cp37-cp37m-musllinux_1_1_i686.whl", hash = "sha256:9300fcbebf85f6339a02c6994b2eb3ff1b9c8c14f502058b5bf349d42447dcf5"},
    {file = "pydantic-1.10.2-cp37-cp37m-musllinux_1_1_x86_64.whl", hash = "sha256:216f3bcbf19c726b1cc22b099dd409aa371f55c08800bcea4c44c8f74b73478d"},
    {file = "pydantic-1.10.2-cp37-cp37m-win_amd64.whl", hash = "sha256:dd3f9a40c16daf323cf913593083698caee97df2804aa36c4b3175d5ac1b92a2"},
    {file = "pydantic-1.10.2-cp38-cp38-macosx_10_9_x86_64.whl", hash = "sha256:b97890e56a694486f772d36efd2ba31612739bc6f3caeee50e9e7e3ebd2fdd13"},
    {file = "pydantic-1.10.2-cp38-cp38-macosx_11_0_arm64.whl", hash = "sha256:9cabf4a7f05a776e7793e72793cd92cc865ea0e83a819f9ae4ecccb1b8aa6116"},
    {file = "pydantic-1.10.2-cp38-cp38-manylinux_2_17_x86_64.manylinux2014_x86_64.whl", hash = "sha256:06094d18dd5e6f2bbf93efa54991c3240964bb663b87729ac340eb5014310624"},
    {file = "pydantic-1.10.2-cp38-cp38-manylinux_2_5_i686.manylinux1_i686.manylinux_2_17_i686.manylinux2014_i686.whl", hash = "sha256:cc78cc83110d2f275ec1970e7a831f4e371ee92405332ebfe9860a715f8336e1"},
    {file = "pydantic-1.10.2-cp38-cp38-musllinux_1_1_i686.whl", hash = "sha256:1ee433e274268a4b0c8fde7ad9d58ecba12b069a033ecc4645bb6303c062d2e9"},
    {file = "pydantic-1.10.2-cp38-cp38-musllinux_1_1_x86_64.whl", hash = "sha256:7c2abc4393dea97a4ccbb4ec7d8658d4e22c4765b7b9b9445588f16c71ad9965"},
    {file = "pydantic-1.10.2-cp38-cp38-win_amd64.whl", hash = "sha256:0b959f4d8211fc964772b595ebb25f7652da3f22322c007b6fed26846a40685e"},
    {file = "pydantic-1.10.2-cp39-cp39-macosx_10_9_x86_64.whl", hash = "sha256:c33602f93bfb67779f9c507e4d69451664524389546bacfe1bee13cae6dc7488"},
    {file = "pydantic-1.10.2-cp39-cp39-macosx_11_0_arm64.whl", hash = "sha256:5760e164b807a48a8f25f8aa1a6d857e6ce62e7ec83ea5d5c5a802eac81bad41"},
    {file = "pydantic-1.10.2-cp39-cp39-manylinux_2_17_x86_64.manylinux2014_x86_64.whl", hash = "sha256:6eb843dcc411b6a2237a694f5e1d649fc66c6064d02b204a7e9d194dff81eb4b"},
    {file = "pydantic-1.10.2-cp39-cp39-manylinux_2_5_i686.manylinux1_i686.manylinux_2_17_i686.manylinux2014_i686.whl", hash = "sha256:4b8795290deaae348c4eba0cebb196e1c6b98bdbe7f50b2d0d9a4a99716342fe"},
    {file = "pydantic-1.10.2-cp39-cp39-musllinux_1_1_i686.whl", hash = "sha256:e0bedafe4bc165ad0a56ac0bd7695df25c50f76961da29c050712596cf092d6d"},
    {file = "pydantic-1.10.2-cp39-cp39-musllinux_1_1_x86_64.whl", hash = "sha256:2e05aed07fa02231dbf03d0adb1be1d79cabb09025dd45aa094aa8b4e7b9dcda"},
    {file = "pydantic-1.10.2-cp39-cp39-win_amd64.whl", hash = "sha256:c1ba1afb396148bbc70e9eaa8c06c1716fdddabaf86e7027c5988bae2a829ab6"},
    {file = "pydantic-1.10.2-py3-none-any.whl", hash = "sha256:1b6ee725bd6e83ec78b1aa32c5b1fa67a3a65badddde3976bca5fe4568f27709"},
    {file = "pydantic-1.10.2.tar.gz", hash = "sha256:91b8e218852ef6007c2b98cd861601c6a09f1aa32bbbb74fab5b1c33d4a1e410"},
]
pygcode = [
    {file = "pygcode-0.2.1-py2.py3-none-any.whl", hash = "sha256:e9d1be4664580cafc8c4a701df649d8ec2e62f39490a5b114f42a381a16f5283"},
    {file = "pygcode-0.2.1.tar.gz", hash = "sha256:e3e7cf3c68ced77d976a712467f6864b8066edcde04110d497c7fdd72d402686"},
]
pyinstaller = [
    {file = "pyinstaller-5.6.2-py3-none-macosx_10_13_universal2.whl", hash = "sha256:1b1e3b37a22fb36555d917f0c3dfb998159ff4af6d8fa7cc0074d630c6fe81ad"},
    {file = "pyinstaller-5.6.2-py3-none-manylinux2014_aarch64.whl", hash = "sha256:05df5d2b9ca645cc6ef61d8a85451d2aabe5501997f1f50cd94306fd6bc0485d"},
    {file = "pyinstaller-5.6.2-py3-none-manylinux2014_i686.whl", hash = "sha256:eb083c25f711769af0898852ea30dcb727ba43990bbdf9ffbaa9c77a7bd0d720"},
    {file = "pyinstaller-5.6.2-py3-none-manylinux2014_ppc64le.whl", hash = "sha256:0d167d57036219914188f1400427dd297b975707e78c32a5511191e607be920a"},
    {file = "pyinstaller-5.6.2-py3-none-manylinux2014_s390x.whl", hash = "sha256:32727232f446aa96e394f01b0c35b3de0dc3513c6ba3e26d1ef64c57edb1e9e5"},
    {file = "pyinstaller-5.6.2-py3-none-manylinux2014_x86_64.whl", hash = "sha256:181856ade585b090379ae26b7017dc2c30620e36e3a804b381417a6dc3b2a82b"},
    {file = "pyinstaller-5.6.2-py3-none-musllinux_1_1_aarch64.whl", hash = "sha256:77888f52b61089caa0bee70809bbce9e9b1c613c88b6cb0742ff2a45f1511cbb"},
    {file = "pyinstaller-5.6.2-py3-none-musllinux_1_1_x86_64.whl", hash = "sha256:d888db9afedff290d362ee296d30eb339abeba707ca1565916ce1cd5947131c3"},
    {file = "pyinstaller-5.6.2-py3-none-win32.whl", hash = "sha256:e026adc92c60158741d0bfca27eefaa2414801f61328cb84d0c88241fe8c2087"},
    {file = "pyinstaller-5.6.2-py3-none-win_amd64.whl", hash = "sha256:04ecf805bde2ef25b8e3642410871e6747c22fa7254107f155b8cd179c2a13b6"},
    {file = "pyinstaller-5.6.2.tar.gz", hash = "sha256:865025b6809d777bb0f66d8f8ab50cc97dc3dbe0ff09a1ef1f2fd646432714fc"},
]
pyinstaller-hooks-contrib = [
    {file = "pyinstaller-hooks-contrib-2022.13.tar.gz", hash = "sha256:e06d0881e599d94dc39c6ed1917f0ad9b1858a2478b9892faac18bd48bcdc2de"},
    {file = "pyinstaller_hooks_contrib-2022.13-py2.py3-none-any.whl", hash = "sha256:91ecb30db757a8db8b6661d91d5df99e0998245f05f5cfaade0550922c7030a3"},
]
pyprojroot = [
    {file = "pyprojroot-0.2.0-py3-none-any.whl", hash = "sha256:741e8b4878a0d6bb6b06ec09aa05797130289e2127aa595b8f1cbadce697909f"},
    {file = "pyprojroot-0.2.0.tar.gz", hash = "sha256:a79900dc52ee097bfd8d917a3d45e2b98494c47a57ba3a71bf609d7a156732e8"},
]
pyside6 = [
    {file = "PySide6-6.4.0.1-cp37-abi3-macosx_10_9_universal2.whl", hash = "sha256:a45ea81fa4d1fdb7aeb7250508b07fa209e6bfb26becf5b24751d3769cade292"},
    {file = "PySide6-6.4.0.1-cp37-abi3-manylinux_2_28_x86_64.whl", hash = "sha256:90bb074469c37155c69fbfe85d85d23e52973df784bf7bc0d36c646ebdf985a4"},
    {file = "PySide6-6.4.0.1-cp37-abi3-win_amd64.whl", hash = "sha256:e255f9cb5fa13c4f4c8a1e90f3e6619336787d8700f476b8bb3d432917c68ed6"},
    {file = "PySide6-6.4.0.1-pp39-pypy39_pp73-macosx_10_9_universal2.whl", hash = "sha256:1821f3f06357961ddf63db1bd73b3d91b5d7a57ce27994bf8ba910a930a411c9"},
    {file = "PySide6-6.4.0.1-pp39-pypy39_pp73-manylinux_2_28_x86_64.whl", hash = "sha256:ab4f5913cf3a97ed2a5a388b781887e50750142b847e57b52ffa15bb0510af9d"},
    {file = "PySide6-6.4.0.1-pp39-pypy39_pp73-win_amd64.whl", hash = "sha256:3dae6611f425da55fcc2ed0494496a07812751a89c2f9801f6072a3349106a62"},
]
pyside6-addons = [
    {file = "PySide6_Addons-6.4.0.1-cp37-abi3-macosx_10_9_universal2.whl", hash = "sha256:a9f55608e4b1ff8a35305e2d4341f5f735ad3eafa042dff7381792b84e0c50c8"},
    {file = "PySide6_Addons-6.4.0.1-cp37-abi3-manylinux_2_28_x86_64.whl", hash = "sha256:fc993a682a290ec63ba3f8b4cf66de8185b076bb6e77756e8d256b643b74cf41"},
    {file = "PySide6_Addons-6.4.0.1-cp37-abi3-win_amd64.whl", hash = "sha256:ed9653074e33b417ec51dfae4852cbf4aaeda1856ce877f85d58854784baa3dc"},
    {file = "PySide6_Addons-6.4.0.1-pp39-pypy39_pp73-macosx_10_9_universal2.whl", hash = "sha256:4bcf6e86d53f0ac92092bb66a6a3ee40fa8ff9e46f8418bdec9d6d95256211f4"},
    {file = "PySide6_Addons-6.4.0.1-pp39-pypy39_pp73-manylinux_2_28_x86_64.whl", hash = "sha256:d5e4f11efc360be8f93cd9a8837019f6ea79cd63e0770c3c2917d7c4b44bc55c"},
    {file = "PySide6_Addons-6.4.0.1-pp39-pypy39_pp73-win_amd64.whl", hash = "sha256:43d21d7cfb2e507e293cced61b13e1d125212c6b650a61ab97ce7fe9a758008e"},
]
pyside6-essentials = [
    {file = "PySide6_Essentials-6.4.0.1-cp37-abi3-macosx_10_9_universal2.whl", hash = "sha256:7f1d2d3b1aa5f2ababc6a25d0c0748fc41f6aa0d79626f98e0c86d1805928a1a"},
    {file = "PySide6_Essentials-6.4.0.1-cp37-abi3-manylinux_2_28_x86_64.whl", hash = "sha256:1ba1c475568392db633da032799ff84e4b1c8e0ba863e88118b4f5ae0c312fb1"},
    {file = "PySide6_Essentials-6.4.0.1-cp37-abi3-win_amd64.whl", hash = "sha256:0c1f968699c4c1d2e131fd5c690228170f764324e6dc0e1b80f978fbc29923de"},
    {file = "PySide6_Essentials-6.4.0.1-pp39-pypy39_pp73-macosx_10_9_universal2.whl", hash = "sha256:3ea3b8b7bb792ad6a58d1186606ff6a3a782b09007dc4517649fe300d7beaf51"},
    {file = "PySide6_Essentials-6.4.0.1-pp39-pypy39_pp73-manylinux_2_28_x86_64.whl", hash = "sha256:8cbc5cb78e78f6c2dfe225ce997c198e8a95a19b3f44b8d3ccc14a324d6b6e9c"},
    {file = "PySide6_Essentials-6.4.0.1-pp39-pypy39_pp73-win_amd64.whl", hash = "sha256:6950ad5d946a61a879634d14cb1bb0205f157b9d270fdc536049d1444aeb14d0"},
]
pywin32-ctypes = [
    {file = "pywin32-ctypes-0.2.0.tar.gz", hash = "sha256:24ffc3b341d457d48e8922352130cf2644024a4ff09762a2261fd34c36ee5942"},
    {file = "pywin32_ctypes-0.2.0-py2.py3-none-any.whl", hash = "sha256:9dc2d991b3479cc2df15930958b674a48a227d5361d413827a4cfd0b5876fc98"},
]
setuptools = [
    {file = "setuptools-65.5.1-py3-none-any.whl", hash = "sha256:d0b9a8433464d5800cbe05094acf5c6d52a91bfac9b52bcfc4d41382be5d5d31"},
    {file = "setuptools-65.5.1.tar.gz", hash = "sha256:e197a19aa8ec9722928f2206f8de752def0e4c9fc6953527360d1c36d94ddb2f"},
]
shiboken6 = [
    {file = "shiboken6-6.4.0.1-cp37-abi3-macosx_10_9_universal2.whl", hash = "sha256:491f3394c771e6da85b89ec39394da76b4e11d4ff697250f8ea26f0a08eb2471"},
    {file = "shiboken6-6.4.0.1-cp37-abi3-manylinux_2_28_x86_64.whl", hash = "sha256:e7f91a1f88ec27b2039df1ea4c92eb89cf7c93d80f93363db66f7a226dad9439"},
    {file = "shiboken6-6.4.0.1-cp37-abi3-win_amd64.whl", hash = "sha256:8056529749dcad1f0f9b4b1113898de0f39f8b83cd09a38eaf9252f3fef681ad"},
    {file = "shiboken6-6.4.0.1-pp39-pypy39_pp73-macosx_10_9_universal2.whl", hash = "sha256:3031d769ced7018bcc96cced81e2a79afc5424071fbf819802c48aafe4d2da1d"},
    {file = "shiboken6-6.4.0.1-pp39-pypy39_pp73-manylinux_2_28_x86_64.whl", hash = "sha256:09f27c7425ecd2ce6debdf7771a56b2fbc36527b6097b3a1b21339c61287f842"},
    {file = "shiboken6-6.4.0.1-pp39-pypy39_pp73-win_amd64.whl", hash = "sha256:edd3c3abcff8fee7fc6051d0c63a72fcfc1451e0fd60094430d35aa1720000bf"},
]
six = [
    {file = "six-1.16.0-py2.py3-none-any.whl", hash = "sha256:8abb2f1d86890a2dfb989f9a77cfcfd3e47c2a354b01111771326f8aa26e0254"},
    {file = "six-1.16.0.tar.gz", hash = "sha256:1e61c37477a1626458e36f7b1d82aa5c9b094fa4802892072e49de9c60c4c926"},
]
toml = [
    {file = "toml-0.10.2-py2.py3-none-any.whl", hash = "sha256:806143ae5bfb6a3c6e736a764057db0e6a0e05e338b5630894a5f779cabb4f9b"},
    {file = "toml-0.10.2.tar.gz", hash = "sha256:b3bda1d108d5dd99f4a20d24d9c348e91c4db7ab1b749200bded2f839ccbe68f"},
]
typing-extensions = [
    {file = "typing_extensions-4.4.0-py3-none-any.whl", hash = "sha256:16fa4864408f655d35ec496218b85f79b3437c829e93320c7c9215ccfd92489e"},
    {file = "typing_extensions-4.4.0.tar.gz", hash = "sha256:1511434bb92bf8dd198c12b1cc812e800d4181cfcb867674e0f8279cc93087aa"},
]
yapf = [
    {file = "yapf-0.32.0-py2.py3-none-any.whl", hash = "sha256:8fea849025584e486fd06d6ba2bed717f396080fd3cc236ba10cb97c4c51cf32"},
    {file = "yapf-0.32.0.tar.gz", hash = "sha256:a3f5085d37ef7e3e004c4ba9f9b3e40c54ff1901cd111f05145ae313a7c67d1b"},
]
